
Microsoft Visual Studio Solution File, Format Version 12.00
# Visual Studio Version 16
VisualStudioVersion = 16.0.31729.503
MinimumVisualStudioVersion = 10.0.40219.1
Project("{FAE04EC0-301F-11D3-BF4B-00C04F79EFBC}") = "SQLTuneCon", "SQLTuneCon.csproj", "{B88BB2E8-7784-4A11-AC9B-0BDE756B9B66}"
EndProject
Project("{FAE04EC0-301F-11D3-BF4B-00C04F79EFBC}") = "ExchMemNET", "..\Memory\ExchMemNET.csproj", "{A01497BE-D1B0-4E41-B428-54E23F84981D}"
EndProject
Project("{FAE04EC0-301F-11D3-BF4B-00C04F79EFBC}") = "WorkString", "..\StringWork\WorkString.csproj", "{78B20C20-AC57-4DBD-9B63-947EBF1EC8D7}"
EndProject
Project("{FAE04EC0-301F-11D3-BF4B-00C04F79EFBC}") = "WorkSQL", "..\SQLWork\SQLWork\WorkSQL.csproj", "{E2666BFA-B7BF-48B9-AFCF-976DC71D4173}"
EndProject
Project("{FAE04EC0-301F-11D3-BF4B-00C04F79EFBC}") = "Test-Form", "..\Test-Form\Test-Form.csproj", "{D8C432AE-2497-43B8-90C5-33A0A517A47A}"
EndProject
Project("{FAE04EC0-301F-11D3-BF4B-00C04F79EFBC}") = "WorkBox", "..\InputBox\WorkBox.csproj", "{97D4704D-8EF1-467F-84C1-48DDCE43B6F5}"
EndProject
Project("{FAE04EC0-301F-11D3-BF4B-00C04F79EFBC}") = "Test-Console", "..\Test-Console\Test-Console.csproj", "{213C20FF-EC61-4C01-9CD0-116F67AF6462}"
EndProject
Project("{FAE04EC0-301F-11D3-BF4B-00C04F79EFBC}") = "WorkControl", "..\ControlWork\WorkControl.csproj", "{BE52E256-E1D8-48E2-945B-FFCFCDB53FFE}"
EndProject
Project("{FAE04EC0-301F-11D3-BF4B-00C04F79EFBC}") = "WorkExcel", "..\ExcelWork\WorkExcel.csproj", "{292CCBAD-3951-488C-8FFA-0DD022A8D9FF}"
EndProject
Project("{FAE04EC0-301F-11D3-BF4B-00C04F79EFBC}") = "Explorer", "..\Excplorer\Explorer.csproj", "{A6BF9826-A178-4AB0-9E1E-B2AF5D8FE630}"
EndProject
Project("{FAE04EC0-301F-11D3-BF4B-00C04F79EFBC}") = "WorkMisc", "..\Misc\WorkMisc.csproj", "{8CFFEB12-450C-4B1F-B70D-38669F59A1CF}"
EndProject
Project("{FAE04EC0-301F-11D3-BF4B-00C04F79EFBC}") = "WorkStruct", "..\WorkStruct\WorkStruct.csproj", "{C1E62446-377A-4D49-BA02-69DADDE11BBE}"
EndProject
Project("{FAE04EC0-301F-11D3-BF4B-00C04F79EFBC}") = "WorkFile", "..\WorkFile\WorkFile.csproj", "{80675629-2EA3-47A1-8386-C522CEB8ED50}"
EndProject
Project("{2150E333-8FDC-42A3-9474-1A3956D46DE8}") = "Inform", "Inform", "{978D5468-416D-4AB2-B7E2-75C420A4488E}"
	ProjectSection(SolutionItems) = preProject
		..\Information.xlsx = ..\Information.xlsx
	EndProjectSection
EndProject
Global
	GlobalSection(SolutionConfigurationPlatforms) = preSolution
		Debug|Any CPU = Debug|Any CPU
		Release|Any CPU = Release|Any CPU
	EndGlobalSection
	GlobalSection(ProjectConfigurationPlatforms) = postSolution
		{B88BB2E8-7784-4A11-AC9B-0BDE756B9B66}.Debug|Any CPU.ActiveCfg = Debug|Any CPU
		{B88BB2E8-7784-4A11-AC9B-0BDE756B9B66}.Debug|Any CPU.Build.0 = Debug|Any CPU
		{B88BB2E8-7784-4A11-AC9B-0BDE756B9B66}.Release|Any CPU.ActiveCfg = Release|Any CPU
		{B88BB2E8-7784-4A11-AC9B-0BDE756B9B66}.Release|Any CPU.Build.0 = Release|Any CPU
		{A01497BE-D1B0-4E41-B428-54E23F84981D}.Debug|Any CPU.ActiveCfg = Debug|Any CPU
		{A01497BE-D1B0-4E41-B428-54E23F84981D}.Debug|Any CPU.Build.0 = Debug|Any CPU
		{A01497BE-D1B0-4E41-B428-54E23F84981D}.Release|Any CPU.ActiveCfg = Release|Any CPU
		{A01497BE-D1B0-4E41-B428-54E23F84981D}.Release|Any CPU.Build.0 = Release|Any CPU
		{78B20C20-AC57-4DBD-9B63-947EBF1EC8D7}.Debug|Any CPU.ActiveCfg = Debug|Any CPU
		{78B20C20-AC57-4DBD-9B63-947EBF1EC8D7}.Debug|Any CPU.Build.0 = Debug|Any CPU
		{78B20C20-AC57-4DBD-9B63-947EBF1EC8D7}.Release|Any CPU.ActiveCfg = Release|Any CPU
		{78B20C20-AC57-4DBD-9B63-947EBF1EC8D7}.Release|Any CPU.Build.0 = Release|Any CPU
		{E2666BFA-B7BF-48B9-AFCF-976DC71D4173}.Debug|Any CPU.ActiveCfg = Debug|Any CPU
		{E2666BFA-B7BF-48B9-AFCF-976DC71D4173}.Debug|Any CPU.Build.0 = Debug|Any CPU
		{E2666BFA-B7BF-48B9-AFCF-976DC71D4173}.Release|Any CPU.ActiveCfg = Release|Any CPU
		{E2666BFA-B7BF-48B9-AFCF-976DC71D4173}.Release|Any CPU.Build.0 = Release|Any CPU
		{D8C432AE-2497-43B8-90C5-33A0A517A47A}.Debug|Any CPU.ActiveCfg = Debug|Any CPU
		{D8C432AE-2497-43B8-90C5-33A0A517A47A}.Debug|Any CPU.Build.0 = Debug|Any CPU
		{D8C432AE-2497-43B8-90C5-33A0A517A47A}.Release|Any CPU.ActiveCfg = Release|Any CPU
		{D8C432AE-2497-43B8-90C5-33A0A517A47A}.Release|Any CPU.Build.0 = Release|Any CPU
		{97D4704D-8EF1-467F-84C1-48DDCE43B6F5}.Debug|Any CPU.ActiveCfg = Debug|Any CPU
		{97D4704D-8EF1-467F-84C1-48DDCE43B6F5}.Debug|Any CPU.Build.0 = Debug|Any CPU
		{97D4704D-8EF1-467F-84C1-48DDCE43B6F5}.Release|Any CPU.ActiveCfg = Release|Any CPU
		{97D4704D-8EF1-467F-84C1-48DDCE43B6F5}.Release|Any CPU.Build.0 = Release|Any CPU
		{213C20FF-EC61-4C01-9CD0-116F67AF6462}.Debug|Any CPU.ActiveCfg = Debug|Any CPU
		{213C20FF-EC61-4C01-9CD0-116F67AF6462}.Debug|Any CPU.Build.0 = Debug|Any CPU
		{213C20FF-EC61-4C01-9CD0-116F67AF6462}.Release|Any CPU.ActiveCfg = Release|Any CPU
		{213C20FF-EC61-4C01-9CD0-116F67AF6462}.Release|Any CPU.Build.0 = Release|Any CPU
		{BE52E256-E1D8-48E2-945B-FFCFCDB53FFE}.Debug|Any CPU.ActiveCfg = Debug|Any CPU
		{BE52E256-E1D8-48E2-945B-FFCFCDB53FFE}.Debug|Any CPU.Build.0 = Debug|Any CPU
		{BE52E256-E1D8-48E2-945B-FFCFCDB53FFE}.Release|Any CPU.ActiveCfg = Release|Any CPU
		{BE52E256-E1D8-48E2-945B-FFCFCDB53FFE}.Release|Any CPU.Build.0 = Release|Any CPU
		{292CCBAD-3951-488C-8FFA-0DD022A8D9FF}.Debug|Any CPU.ActiveCfg = Debug|Any CPU
		{292CCBAD-3951-488C-8FFA-0DD022A8D9FF}.Debug|Any CPU.Build.0 = Debug|Any CPU
		{292CCBAD-3951-488C-8FFA-0DD022A8D9FF}.Release|Any CPU.ActiveCfg = Release|Any CPU
		{292CCBAD-3951-488C-8FFA-0DD022A8D9FF}.Release|Any CPU.Build.0 = Release|Any CPU
		{A6BF9826-A178-4AB0-9E1E-B2AF5D8FE630}.Debug|Any CPU.ActiveCfg = Debug|Any CPU
		{A6BF9826-A178-4AB0-9E1E-B2AF5D8FE630}.Debug|Any CPU.Build.0 = Debug|Any CPU
		{A6BF9826-A178-4AB0-9E1E-B2AF5D8FE630}.Release|Any CPU.ActiveCfg = Release|Any CPU
		{A6BF9826-A178-4AB0-9E1E-B2AF5D8FE630}.Release|Any CPU.Build.0 = Release|Any CPU
		{8CFFEB12-450C-4B1F-B70D-38669F59A1CF}.Debug|Any CPU.ActiveCfg = Debug|Any CPU
		{8CFFEB12-450C-4B1F-B70D-38669F59A1CF}.Debug|Any CPU.Build.0 = Debug|Any CPU
		{8CFFEB12-450C-4B1F-B70D-38669F59A1CF}.Release|Any CPU.ActiveCfg = Release|Any CPU
		{8CFFEB12-450C-4B1F-B70D-38669F59A1CF}.Release|Any CPU.Build.0 = Release|Any CPU
		{C1E62446-377A-4D49-BA02-69DADDE11BBE}.Debug|Any CPU.ActiveCfg = Debug|Any CPU
		{C1E62446-377A-4D49-BA02-69DADDE11BBE}.Debug|Any CPU.Build.0 = Debug|Any CPU
		{C1E62446-377A-4D49-BA02-69DADDE11BBE}.Release|Any CPU.ActiveCfg = Release|Any CPU
		{C1E62446-377A-4D49-BA02-69DADDE11BBE}.Release|Any CPU.Build.0 = Release|Any CPU
		{80675629-2EA3-47A1-8386-C522CEB8ED50}.Debug|Any CPU.ActiveCfg = Debug|Any CPU
		{80675629-2EA3-47A1-8386-C522CEB8ED50}.Debug|Any CPU.Build.0 = Debug|Any CPU
		{80675629-2EA3-47A1-8386-C522CEB8ED50}.Release|Any CPU.ActiveCfg = Release|Any CPU
		{80675629-2EA3-47A1-8386-C522CEB8ED50}.Release|Any CPU.Build.0 = Release|Any CPU
	EndGlobalSection
	GlobalSection(SolutionProperties) = preSolution
		HideSolutionNode = FALSE
	EndGlobalSection
	GlobalSection(ExtensibilityGlobals) = postSolution
		SolutionGuid = {D07D106B-5A2E-4956-AE87-82C848202535}
	EndGlobalSection
EndGlobal
